
Microsoft Visual Studio Solution File, Format Version 12.00
# Visual Studio 15
VisualStudioVersion = 15.0.28307.438
MinimumVisualStudioVersion = 10.0.40219.1
Project("{9A19103F-16F7-4668-BE54-9A1E7A4F7556}") = "CSVManipulator", "CSVManipulator\CSVManipulator.csproj", "{74A95721-FCBD-40A4-9E0A-97580927E7F0}"
EndProject
Project("{9A19103F-16F7-4668-BE54-9A1E7A4F7556}") = "Common", "Common\Common.csproj", "{89C8F755-B501-4B3D-B584-7AA5B81DFB3C}"
EndProject
Project("{9A19103F-16F7-4668-BE54-9A1E7A4F7556}") = "TestReaderAndDbWriter", "TestReaderAndDbWriter\TestReaderAndDbWriter.csproj", "{2A6F0A1F-7687-415A-9CA2-DA0E892ADBE6}"
EndProject
Project("{9A19103F-16F7-4668-BE54-9A1E7A4F7556}") = "TestDataGeneratorAndFileWriter", "TestDataGeneratorAndFileWriter\TestDataGeneratorAndFileWriter.csproj", "{A94B795A-635F-4F96-851B-680CEC619852}"
EndProject
Global
	GlobalSection(SolutionConfigurationPlatforms) = preSolution
		Debug|Any CPU = Debug|Any CPU
		Release|Any CPU = Release|Any CPU
	EndGlobalSection
	GlobalSection(ProjectConfigurationPlatforms) = postSolution
		{74A95721-FCBD-40A4-9E0A-97580927E7F0}.Debug|Any CPU.ActiveCfg = Debug|Any CPU
		{74A95721-FCBD-40A4-9E0A-97580927E7F0}.Debug|Any CPU.Build.0 = Debug|Any CPU
		{74A95721-FCBD-40A4-9E0A-97580927E7F0}.Release|Any CPU.ActiveCfg = Release|Any CPU
		{74A95721-FCBD-40A4-9E0A-97580927E7F0}.Release|Any CPU.Build.0 = Release|Any CPU
		{89C8F755-B501-4B3D-B584-7AA5B81DFB3C}.Debug|Any CPU.ActiveCfg = Debug|Any CPU
		{89C8F755-B501-4B3D-B584-7AA5B81DFB3C}.Debug|Any CPU.Build.0 = Debug|Any CPU
		{89C8F755-B501-4B3D-B584-7AA5B81DFB3C}.Release|Any CPU.ActiveCfg = Release|Any CPU
		{89C8F755-B501-4B3D-B584-7AA5B81DFB3C}.Release|Any CPU.Build.0 = Release|Any CPU
		{2A6F0A1F-7687-415A-9CA2-DA0E892ADBE6}.Debug|Any CPU.ActiveCfg = Debug|Any CPU
		{2A6F0A1F-7687-415A-9CA2-DA0E892ADBE6}.Debug|Any CPU.Build.0 = Debug|Any CPU
		{2A6F0A1F-7687-415A-9CA2-DA0E892ADBE6}.Release|Any CPU.ActiveCfg = Release|Any CPU
		{2A6F0A1F-7687-415A-9CA2-DA0E892ADBE6}.Release|Any CPU.Build.0 = Release|Any CPU
		{A94B795A-635F-4F96-851B-680CEC619852}.Debug|Any CPU.ActiveCfg = Debug|Any CPU
		{A94B795A-635F-4F96-851B-680CEC619852}.Debug|Any CPU.Build.0 = Debug|Any CPU
		{A94B795A-635F-4F96-851B-680CEC619852}.Release|Any CPU.ActiveCfg = Release|Any CPU
		{A94B795A-635F-4F96-851B-680CEC619852}.Release|Any CPU.Build.0 = Release|Any CPU
	EndGlobalSection
	GlobalSection(SolutionProperties) = preSolution
		HideSolutionNode = FALSE
	EndGlobalSection
	GlobalSection(ExtensibilityGlobals) = postSolution
		SolutionGuid = {F62931FF-4484-41C3-B350-79752F5027FD}
	EndGlobalSection
EndGlobal
